// !$*UTF8*$!
{
	archiveVersion = 1;
	classes = {
	};
	objectVersion = 46;
	objects = {

/* Begin PBXBuildFile section */
		DA0DEE5E1D88C0C000B52422 /* VChatConversation.swift in Sources */ = {isa = PBXBuildFile; fileRef = DA0DEE521D88C0C000B52422 /* VChatConversation.swift */; };
		DA0DEE5F1D88C0C000B52422 /* VChatConversationCell.swift in Sources */ = {isa = PBXBuildFile; fileRef = DA0DEE531D88C0C000B52422 /* VChatConversationCell.swift */; };
		DA0DEE601D88C0C000B52422 /* VChatConversationCellText.swift in Sources */ = {isa = PBXBuildFile; fileRef = DA0DEE541D88C0C000B52422 /* VChatConversationCellText.swift */; };
		DA0DEE611D88C0C000B52422 /* VChatConversationCellTextMine.swift in Sources */ = {isa = PBXBuildFile; fileRef = DA0DEE551D88C0C000B52422 /* VChatConversationCellTextMine.swift */; };
		DA0DEE621D88C0C000B52422 /* VChatDisplay.swift in Sources */ = {isa = PBXBuildFile; fileRef = DA0DEE571D88C0C000B52422 /* VChatDisplay.swift */; };
		DA0DEE631D88C0C000B52422 /* VChatInput.swift in Sources */ = {isa = PBXBuildFile; fileRef = DA0DEE591D88C0C000B52422 /* VChatInput.swift */; };
		DA0DEE641D88C0C000B52422 /* VChatInputMenu.swift in Sources */ = {isa = PBXBuildFile; fileRef = DA0DEE5A1D88C0C000B52422 /* VChatInputMenu.swift */; };
		DA0DEE651D88C0C000B52422 /* VChatInputMenuCell.swift in Sources */ = {isa = PBXBuildFile; fileRef = DA0DEE5B1D88C0C000B52422 /* VChatInputMenuCell.swift */; };
		DA0DEE661D88C0C000B52422 /* VChat.swift in Sources */ = {isa = PBXBuildFile; fileRef = DA0DEE5D1D88C0C000B52422 /* VChat.swift */; };
		DA0DEE791D88C16400B52422 /* MChatItem.swift in Sources */ = {isa = PBXBuildFile; fileRef = DA0DEE681D88C16400B52422 /* MChatItem.swift */; };
		DA0DEE7A1D88C16400B52422 /* MChatItemText.swift in Sources */ = {isa = PBXBuildFile; fileRef = DA0DEE691D88C16400B52422 /* MChatItemText.swift */; };
		DA0DEE7B1D88C16400B52422 /* MChatItemTextMine.swift in Sources */ = {isa = PBXBuildFile; fileRef = DA0DEE6A1D88C16400B52422 /* MChatItemTextMine.swift */; };
		DA0DEE7C1D88C16400B52422 /* MChat.swift in Sources */ = {isa = PBXBuildFile; fileRef = DA0DEE6C1D88C16400B52422 /* MChat.swift */; };
		DA0DEE7D1D88C16400B52422 /* MChatMenuItem.swift in Sources */ = {isa = PBXBuildFile; fileRef = DA0DEE6F1D88C16400B52422 /* MChatMenuItem.swift */; };
		DA0DEE7E1D88C16400B52422 /* MChatMenuItemAnnotate.swift in Sources */ = {isa = PBXBuildFile; fileRef = DA0DEE701D88C16400B52422 /* MChatMenuItemAnnotate.swift */; };
		DA0DEE7F1D88C16400B52422 /* MChatMenuItemPicture.swift in Sources */ = {isa = PBXBuildFile; fileRef = DA0DEE711D88C16400B52422 /* MChatMenuItemPicture.swift */; };
		DA0DEE801D88C16400B52422 /* MChatMenuItemSend.swift in Sources */ = {isa = PBXBuildFile; fileRef = DA0DEE721D88C16400B52422 /* MChatMenuItemSend.swift */; };
		DA0DEE811D88C16400B52422 /* MChatMenu.swift in Sources */ = {isa = PBXBuildFile; fileRef = DA0DEE741D88C16400B52422 /* MChatMenu.swift */; };
		DA0DEE821D88C16400B52422 /* MChatMenuStatus.swift in Sources */ = {isa = PBXBuildFile; fileRef = DA0DEE761D88C16400B52422 /* MChatMenuStatus.swift */; };
		DA0DEE831D88C16400B52422 /* MChatMenuStatusStandby.swift in Sources */ = {isa = PBXBuildFile; fileRef = DA0DEE771D88C16400B52422 /* MChatMenuStatusStandby.swift */; };
		DA0DEE841D88C16400B52422 /* MChatMenuStatusTyping.swift in Sources */ = {isa = PBXBuildFile; fileRef = DA0DEE781D88C16400B52422 /* MChatMenuStatusTyping.swift */; };
		DA0DEE861D88C21000B52422 /* CChatDisplayDetail.swift in Sources */ = {isa = PBXBuildFile; fileRef = DA0DEE851D88C21000B52422 /* CChatDisplayDetail.swift */; };
		DA21D1F31D9186E8009A149E /* VChatDisplayAnnotationsList.swift in Sources */ = {isa = PBXBuildFile; fileRef = DA21D1F21D9186E8009A149E /* VChatDisplayAnnotationsList.swift */; };
		DA21D1F51D918749009A149E /* VChatDisplayAnnotationsShade.swift in Sources */ = {isa = PBXBuildFile; fileRef = DA21D1F41D918749009A149E /* VChatDisplayAnnotationsShade.swift */; };
		DA21D1F71D91903C009A149E /* VChatDisplayAnnotationsTutorial.swift in Sources */ = {isa = PBXBuildFile; fileRef = DA21D1F61D91903C009A149E /* VChatDisplayAnnotationsTutorial.swift */; };
		DA21D1F91D91A75A009A149E /* VChatDisplayAnnotationsPlacer.swift in Sources */ = {isa = PBXBuildFile; fileRef = DA21D1F81D91A75A009A149E /* VChatDisplayAnnotationsPlacer.swift */; };
		DA21D1FB1D91B3E0009A149E /* VChatDisplayAnnotationsPlacerItem.swift in Sources */ = {isa = PBXBuildFile; fileRef = DA21D1FA1D91B3E0009A149E /* VChatDisplayAnnotationsPlacerItem.swift */; };
		DA21D1FD1D91C043009A149E /* VChatDisplayAnnotationsEdit.swift in Sources */ = {isa = PBXBuildFile; fileRef = DA21D1FC1D91C043009A149E /* VChatDisplayAnnotationsEdit.swift */; };
		DA269CC91D949E98004062CA /* VChatDisplayMarks.swift in Sources */ = {isa = PBXBuildFile; fileRef = DA269CC81D949E98004062CA /* VChatDisplayMarks.swift */; };
		DA269CCB1D94A03C004062CA /* VChatDisplayMarksItem.swift in Sources */ = {isa = PBXBuildFile; fileRef = DA269CCA1D94A03C004062CA /* VChatDisplayMarksItem.swift */; };
		DA32F8301D884F6D00108E96 /* MMenuState.swift in Sources */ = {isa = PBXBuildFile; fileRef = DA32F82F1D884F6D00108E96 /* MMenuState.swift */; };
		DA32F8321D88501800108E96 /* MMenuStateOptions.swift in Sources */ = {isa = PBXBuildFile; fileRef = DA32F8311D88501800108E96 /* MMenuStateOptions.swift */; };
		DA32F8341D88502400108E96 /* MMenuStatePushed.swift in Sources */ = {isa = PBXBuildFile; fileRef = DA32F8331D88502400108E96 /* MMenuStatePushed.swift */; };
		DA4A200D1D906D3200BCDFCA /* MChatMenuItemEmoji.swift in Sources */ = {isa = PBXBuildFile; fileRef = DA4A200C1D906D3200BCDFCA /* MChatMenuItemEmoji.swift */; };
		DA4A200F1D90705800BCDFCA /* MChatMenuStatusStandbyImage.swift in Sources */ = {isa = PBXBuildFile; fileRef = DA4A200E1D90705800BCDFCA /* MChatMenuStatusStandbyImage.swift */; };
		DA4A20111D90707D00BCDFCA /* MChatMenuStatusTypeReady.swift in Sources */ = {isa = PBXBuildFile; fileRef = DA4A20101D90707D00BCDFCA /* MChatMenuStatusTypeReady.swift */; };
		DA4A20131D9072E900BCDFCA /* MChatMenuItemHideKeyboard.swift in Sources */ = {isa = PBXBuildFile; fileRef = DA4A20121D9072E900BCDFCA /* MChatMenuItemHideKeyboard.swift */; };
		DA4A20151D9089C200BCDFCA /* CChatDisplayAnnotations.swift in Sources */ = {isa = PBXBuildFile; fileRef = DA4A20141D9089C200BCDFCA /* CChatDisplayAnnotations.swift */; };
		DA4A20181D9094B100BCDFCA /* VChatDisplayAnnotations.swift in Sources */ = {isa = PBXBuildFile; fileRef = DA4A20171D9094B100BCDFCA /* VChatDisplayAnnotations.swift */; };
		DA4A201A1D90B16200BCDFCA /* VChatDisplayAnnotationsListCell.swift in Sources */ = {isa = PBXBuildFile; fileRef = DA4A20191D90B16200BCDFCA /* VChatDisplayAnnotationsListCell.swift */; };
		DA4EB6961D95C5EF00E15758 /* VMainAlert.swift in Sources */ = {isa = PBXBuildFile; fileRef = DA4EB6951D95C5EF00E15758 /* VMainAlert.swift */; };
		DA4EB6981D95D88000E15758 /* alert.xcassets in Resources */ = {isa = PBXBuildFile; fileRef = DA4EB6971D95D88000E15758 /* alert.xcassets */; };
		DA4F817F1D7BB7FC00CC8B39 /* expocity.xcdatamodeld in Sources */ = {isa = PBXBuildFile; fileRef = DA4F817A1D7BB7FC00CC8B39 /* expocity.xcdatamodeld */; };
		DA4F818E1D7BB97B00CC8B39 /* CHome.swift in Sources */ = {isa = PBXBuildFile; fileRef = DA4F81841D7BB97B00CC8B39 /* CHome.swift */; };
		DA4F818F1D7BB97B00CC8B39 /* CAppDelegate.swift in Sources */ = {isa = PBXBuildFile; fileRef = DA4F81861D7BB97B00CC8B39 /* CAppDelegate.swift */; };
		DA4F81901D7BB97B00CC8B39 /* CController.swift in Sources */ = {isa = PBXBuildFile; fileRef = DA4F81871D7BB97B00CC8B39 /* CController.swift */; };
		DA4F81911D7BB97B00CC8B39 /* CParent.swift in Sources */ = {isa = PBXBuildFile; fileRef = DA4F81881D7BB97B00CC8B39 /* CParent.swift */; };
		DA4F81921D7BB97B00CC8B39 /* VHome.swift in Sources */ = {isa = PBXBuildFile; fileRef = DA4F818C1D7BB97B00CC8B39 /* VHome.swift */; };
		DA4F81931D7BBA6A00CC8B39 /* test.swift in Sources */ = {isa = PBXBuildFile; fileRef = DA4F817E1D7BB7FC00CC8B39 /* test.swift */; };
		DA4F81A11D7D062500CC8B39 /* CategoryMKAnnotationView.swift in Sources */ = {isa = PBXBuildFile; fileRef = DA4F81971D7D062500CC8B39 /* CategoryMKAnnotationView.swift */; };
		DA4F81A21D7D062500CC8B39 /* CategoryNSDate.swift in Sources */ = {isa = PBXBuildFile; fileRef = DA4F81981D7D062500CC8B39 /* CategoryNSDate.swift */; };
		DA4F81A31D7D062500CC8B39 /* CategoryNSFileManager.swift in Sources */ = {isa = PBXBuildFile; fileRef = DA4F81991D7D062500CC8B39 /* CategoryNSFileManager.swift */; };
		DA4F81A41D7D062500CC8B39 /* CategoryNSManagerdObject.swift in Sources */ = {isa = PBXBuildFile; fileRef = DA4F819A1D7D062500CC8B39 /* CategoryNSManagerdObject.swift */; };
		DA4F81A51D7D062500CC8B39 /* CategoryNSNotification.swift in Sources */ = {isa = PBXBuildFile; fileRef = DA4F819B1D7D062500CC8B39 /* CategoryNSNotification.swift */; };
		DA4F81A61D7D062500CC8B39 /* CategoryUICollectionReusableView.swift in Sources */ = {isa = PBXBuildFile; fileRef = DA4F819C1D7D062500CC8B39 /* CategoryUICollectionReusableView.swift */; };
		DA4F81A71D7D062500CC8B39 /* CategoryUIColor.swift in Sources */ = {isa = PBXBuildFile; fileRef = DA4F819D1D7D062500CC8B39 /* CategoryUIColor.swift */; };
		DA4F81A81D7D062500CC8B39 /* CategoryUIFont.swift in Sources */ = {isa = PBXBuildFile; fileRef = DA4F819E1D7D062500CC8B39 /* CategoryUIFont.swift */; };
		DA4F81A91D7D062500CC8B39 /* CategoryUILocalNotification.swift in Sources */ = {isa = PBXBuildFile; fileRef = DA4F819F1D7D062500CC8B39 /* CategoryUILocalNotification.swift */; };
		DA4F81AA1D7D062500CC8B39 /* CategoryUIViewController.swift in Sources */ = {isa = PBXBuildFile; fileRef = DA4F81A01D7D062500CC8B39 /* CategoryUIViewController.swift */; };
		DA4F81AC1D7DBA5E00CC8B39 /* VMainLoader.swift in Sources */ = {isa = PBXBuildFile; fileRef = DA4F81AB1D7DBA5E00CC8B39 /* VMainLoader.swift */; };
		DA4F81AF1D7DBB4000CC8B39 /* VBar.swift in Sources */ = {isa = PBXBuildFile; fileRef = DA4F81AE1D7DBB4000CC8B39 /* VBar.swift */; };
		DA4F81B11D7DBB4A00CC8B39 /* VBarCell.swift in Sources */ = {isa = PBXBuildFile; fileRef = DA4F81B01D7DBB4A00CC8B39 /* VBarCell.swift */; };
		DA73F1551D7F7C5B004E3875 /* VMainShadow.swift in Sources */ = {isa = PBXBuildFile; fileRef = DA73F1541D7F7C5B004E3875 /* VMainShadow.swift */; };
		DA8B1B541D7DBF40004D8457 /* Launch.storyboard in Resources */ = {isa = PBXBuildFile; fileRef = DA8B1B531D7DBF40004D8457 /* Launch.storyboard */; };
		DA8B1B561D7DC9D0004D8457 /* generic.xcassets in Resources */ = {isa = PBXBuildFile; fileRef = DA8B1B551D7DC9D0004D8457 /* generic.xcassets */; };
		DA8B1B5E1D7DD48C004D8457 /* menu.xcassets in Resources */ = {isa = PBXBuildFile; fileRef = DA8B1B5D1D7DD48C004D8457 /* menu.xcassets */; };
		DA8B1B611D7DD746004D8457 /* MMenu.swift in Sources */ = {isa = PBXBuildFile; fileRef = DA8B1B601D7DD746004D8457 /* MMenu.swift */; };
		DA8B1B631D7DD74E004D8457 /* MMenuItem.swift in Sources */ = {isa = PBXBuildFile; fileRef = DA8B1B621D7DD74E004D8457 /* MMenuItem.swift */; };
		DA8B1B651D7DD78C004D8457 /* MMenuItemHome.swift in Sources */ = {isa = PBXBuildFile; fileRef = DA8B1B641D7DD78C004D8457 /* MMenuItemHome.swift */; };
		DA8B1B671D7DD79C004D8457 /* MMenuItemSettings.swift in Sources */ = {isa = PBXBuildFile; fileRef = DA8B1B661D7DD79C004D8457 /* MMenuItemSettings.swift */; };
		DA8B1B691D7DD7D4004D8457 /* MMenuItemHistory.swift in Sources */ = {isa = PBXBuildFile; fileRef = DA8B1B681D7DD7D4004D8457 /* MMenuItemHistory.swift */; };
		DA8B1B6B1D7DEAFC004D8457 /* MMenuItemRooms.swift in Sources */ = {isa = PBXBuildFile; fileRef = DA8B1B6A1D7DEAFC004D8457 /* MMenuItemRooms.swift */; };
		DA8B1B6F1D7DEC45004D8457 /* Localizable.strings in Resources */ = {isa = PBXBuildFile; fileRef = DA8B1B6D1D7DEC45004D8457 /* Localizable.strings */; };
		DA8B1B721D7DF679004D8457 /* MNav.swift in Sources */ = {isa = PBXBuildFile; fileRef = DA8B1B711D7DF679004D8457 /* MNav.swift */; };
		DA8B1B741D7DF684004D8457 /* MNavLeft.swift in Sources */ = {isa = PBXBuildFile; fileRef = DA8B1B731D7DF684004D8457 /* MNavLeft.swift */; };
		DA8B1B761D7DF690004D8457 /* MNavRight.swift in Sources */ = {isa = PBXBuildFile; fileRef = DA8B1B751D7DF690004D8457 /* MNavRight.swift */; };
		DA8B1B781D7DF69B004D8457 /* MNavPush.swift in Sources */ = {isa = PBXBuildFile; fileRef = DA8B1B771D7DF69B004D8457 /* MNavPush.swift */; };
		DA8B1B7B1D7E072E004D8457 /* CRooms.swift in Sources */ = {isa = PBXBuildFile; fileRef = DA8B1B7A1D7E072E004D8457 /* CRooms.swift */; };
		DA8B1B7E1D7E0740004D8457 /* VRooms.swift in Sources */ = {isa = PBXBuildFile; fileRef = DA8B1B7D1D7E0740004D8457 /* VRooms.swift */; };
		DA8B1B801D7E11CA004D8457 /* VParent.swift in Sources */ = {isa = PBXBuildFile; fileRef = DA8B1B7F1D7E11CA004D8457 /* VParent.swift */; };
		DA8B1B831D7E21CA004D8457 /* CChat.swift in Sources */ = {isa = PBXBuildFile; fileRef = DA8B1B821D7E21CA004D8457 /* CChat.swift */; };
		DA8B1B8C1D7E244C004D8457 /* MHome.swift in Sources */ = {isa = PBXBuildFile; fileRef = DA8B1B8B1D7E244C004D8457 /* MHome.swift */; };
		DA8B1B8E1D7E2462004D8457 /* MHomeItem.swift in Sources */ = {isa = PBXBuildFile; fileRef = DA8B1B8D1D7E2462004D8457 /* MHomeItem.swift */; };
		DA8B1B901D7E253A004D8457 /* MHomeItemCreate.swift in Sources */ = {isa = PBXBuildFile; fileRef = DA8B1B8F1D7E253A004D8457 /* MHomeItemCreate.swift */; };
		DA8B1B921D7E2548004D8457 /* MHomeItemTitle.swift in Sources */ = {isa = PBXBuildFile; fileRef = DA8B1B911D7E2548004D8457 /* MHomeItemTitle.swift */; };
		DA8B1B941D7E2575004D8457 /* VHomeCell.swift in Sources */ = {isa = PBXBuildFile; fileRef = DA8B1B931D7E2575004D8457 /* VHomeCell.swift */; };
		DA8B1B961D7E25C1004D8457 /* VHomeCellCreate.swift in Sources */ = {isa = PBXBuildFile; fileRef = DA8B1B951D7E25C1004D8457 /* VHomeCellCreate.swift */; };
		DA8B1B981D7E25CE004D8457 /* VHomeCellTitle.swift in Sources */ = {isa = PBXBuildFile; fileRef = DA8B1B971D7E25CE004D8457 /* VHomeCellTitle.swift */; };
		DA9739C01D90C05C00365D84 /* VChatDisplayAnnotationsBar.swift in Sources */ = {isa = PBXBuildFile; fileRef = DA9739BF1D90C05C00365D84 /* VChatDisplayAnnotationsBar.swift */; };
		DA9739C31D90C9D700365D84 /* MChatDisplayAnnotations.swift in Sources */ = {isa = PBXBuildFile; fileRef = DA9739C21D90C9D700365D84 /* MChatDisplayAnnotations.swift */; };
		DA9739C51D90C9E300365D84 /* MChatDisplayAnnotationsItem.swift in Sources */ = {isa = PBXBuildFile; fileRef = DA9739C41D90C9E300365D84 /* MChatDisplayAnnotationsItem.swift */; };
		DA9846061D89D61B0084A0A6 /* VChatDisplayDetail.swift in Sources */ = {isa = PBXBuildFile; fileRef = DA9846051D89D61B0084A0A6 /* VChatDisplayDetail.swift */; };
		DA9846081D89DA1A0084A0A6 /* VChatDisplayDetailBar.swift in Sources */ = {isa = PBXBuildFile; fileRef = DA9846071D89DA1A0084A0A6 /* VChatDisplayDetailBar.swift */; };
		DAE27C5A1D8AEB4A00E43F33 /* VChatDisplayOptions.swift in Sources */ = {isa = PBXBuildFile; fileRef = DAE27C591D8AEB4A00E43F33 /* VChatDisplayOptions.swift */; };
		DAE27C5C1D8AEB6A00E43F33 /* VChatDisplayOptionsCell.swift in Sources */ = {isa = PBXBuildFile; fileRef = DAE27C5B1D8AEB6A00E43F33 /* VChatDisplayOptionsCell.swift */; };
		DAE27C5E1D8AEDCE00E43F33 /* CChatDisplayOptions.swift in Sources */ = {isa = PBXBuildFile; fileRef = DAE27C5D1D8AEDCE00E43F33 /* CChatDisplayOptions.swift */; };
		DAE27C601D8AF65500E43F33 /* MChatMenuItemOptions.swift in Sources */ = {isa = PBXBuildFile; fileRef = DAE27C5F1D8AF65500E43F33 /* MChatMenuItemOptions.swift */; };
		DAE27C641D8B118300E43F33 /* MChatDisplayOptions.swift in Sources */ = {isa = PBXBuildFile; fileRef = DAE27C631D8B118300E43F33 /* MChatDisplayOptions.swift */; };
		DAE27C661D8B119700E43F33 /* MChatDisplayOptionsItem.swift in Sources */ = {isa = PBXBuildFile; fileRef = DAE27C651D8B119700E43F33 /* MChatDisplayOptionsItem.swift */; };
		DAE27C681D8B122300E43F33 /* MChatDisplayOptionsItemFit.swift in Sources */ = {isa = PBXBuildFile; fileRef = DAE27C671D8B122300E43F33 /* MChatDisplayOptionsItemFit.swift */; };
		DAE27C6A1D8B122C00E43F33 /* MChatDisplayOptionsItemFill.swift in Sources */ = {isa = PBXBuildFile; fileRef = DAE27C691D8B122C00E43F33 /* MChatDisplayOptionsItemFill.swift */; };
		DAE27C6C1D8B123600E43F33 /* MChatDisplayOptionsItemCenter.swift in Sources */ = {isa = PBXBuildFile; fileRef = DAE27C6B1D8B123600E43F33 /* MChatDisplayOptionsItemCenter.swift */; };
		DAFBF7081D831F43002B294C /* chat.xcassets in Resources */ = {isa = PBXBuildFile; fileRef = DAFBF7071D831F43002B294C /* chat.xcassets */; };
/* End PBXBuildFile section */

/* Begin PBXContainerItemProxy section */
		DAC3CB001D7BB5C60090ECCD /* PBXContainerItemProxy */ = {
			isa = PBXContainerItemProxy;
			containerPortal = DAC3CAE01D7BB5C60090ECCD /* Project object */;
			proxyType = 1;
			remoteGlobalIDString = DAC3CAE71D7BB5C60090ECCD;
			remoteInfo = expocity;
		};
/* End PBXContainerItemProxy section */

/* Begin PBXFileReference section */
		DA0DEE521D88C0C000B52422 /* VChatConversation.swift */ = {isa = PBXFileReference; fileEncoding = 4; lastKnownFileType = sourcecode.swift; path = VChatConversation.swift; sourceTree = "<group>"; };
		DA0DEE531D88C0C000B52422 /* VChatConversationCell.swift */ = {isa = PBXFileReference; fileEncoding = 4; lastKnownFileType = sourcecode.swift; path = VChatConversationCell.swift; sourceTree = "<group>"; };
		DA0DEE541D88C0C000B52422 /* VChatConversationCellText.swift */ = {isa = PBXFileReference; fileEncoding = 4; lastKnownFileType = sourcecode.swift; path = VChatConversationCellText.swift; sourceTree = "<group>"; };
		DA0DEE551D88C0C000B52422 /* VChatConversationCellTextMine.swift */ = {isa = PBXFileReference; fileEncoding = 4; lastKnownFileType = sourcecode.swift; path = VChatConversationCellTextMine.swift; sourceTree = "<group>"; };
		DA0DEE571D88C0C000B52422 /* VChatDisplay.swift */ = {isa = PBXFileReference; fileEncoding = 4; lastKnownFileType = sourcecode.swift; path = VChatDisplay.swift; sourceTree = "<group>"; };
		DA0DEE591D88C0C000B52422 /* VChatInput.swift */ = {isa = PBXFileReference; fileEncoding = 4; lastKnownFileType = sourcecode.swift; path = VChatInput.swift; sourceTree = "<group>"; };
		DA0DEE5A1D88C0C000B52422 /* VChatInputMenu.swift */ = {isa = PBXFileReference; fileEncoding = 4; lastKnownFileType = sourcecode.swift; path = VChatInputMenu.swift; sourceTree = "<group>"; };
		DA0DEE5B1D88C0C000B52422 /* VChatInputMenuCell.swift */ = {isa = PBXFileReference; fileEncoding = 4; lastKnownFileType = sourcecode.swift; path = VChatInputMenuCell.swift; sourceTree = "<group>"; };
		DA0DEE5D1D88C0C000B52422 /* VChat.swift */ = {isa = PBXFileReference; fileEncoding = 4; lastKnownFileType = sourcecode.swift; path = VChat.swift; sourceTree = "<group>"; };
		DA0DEE681D88C16400B52422 /* MChatItem.swift */ = {isa = PBXFileReference; fileEncoding = 4; lastKnownFileType = sourcecode.swift; path = MChatItem.swift; sourceTree = "<group>"; };
		DA0DEE691D88C16400B52422 /* MChatItemText.swift */ = {isa = PBXFileReference; fileEncoding = 4; lastKnownFileType = sourcecode.swift; path = MChatItemText.swift; sourceTree = "<group>"; };
		DA0DEE6A1D88C16400B52422 /* MChatItemTextMine.swift */ = {isa = PBXFileReference; fileEncoding = 4; lastKnownFileType = sourcecode.swift; path = MChatItemTextMine.swift; sourceTree = "<group>"; };
		DA0DEE6C1D88C16400B52422 /* MChat.swift */ = {isa = PBXFileReference; fileEncoding = 4; lastKnownFileType = sourcecode.swift; path = MChat.swift; sourceTree = "<group>"; };
		DA0DEE6F1D88C16400B52422 /* MChatMenuItem.swift */ = {isa = PBXFileReference; fileEncoding = 4; lastKnownFileType = sourcecode.swift; path = MChatMenuItem.swift; sourceTree = "<group>"; };
		DA0DEE701D88C16400B52422 /* MChatMenuItemAnnotate.swift */ = {isa = PBXFileReference; fileEncoding = 4; lastKnownFileType = sourcecode.swift; path = MChatMenuItemAnnotate.swift; sourceTree = "<group>"; };
		DA0DEE711D88C16400B52422 /* MChatMenuItemPicture.swift */ = {isa = PBXFileReference; fileEncoding = 4; lastKnownFileType = sourcecode.swift; path = MChatMenuItemPicture.swift; sourceTree = "<group>"; };
		DA0DEE721D88C16400B52422 /* MChatMenuItemSend.swift */ = {isa = PBXFileReference; fileEncoding = 4; lastKnownFileType = sourcecode.swift; path = MChatMenuItemSend.swift; sourceTree = "<group>"; };
		DA0DEE741D88C16400B52422 /* MChatMenu.swift */ = {isa = PBXFileReference; fileEncoding = 4; lastKnownFileType = sourcecode.swift; path = MChatMenu.swift; sourceTree = "<group>"; };
		DA0DEE761D88C16400B52422 /* MChatMenuStatus.swift */ = {isa = PBXFileReference; fileEncoding = 4; lastKnownFileType = sourcecode.swift; path = MChatMenuStatus.swift; sourceTree = "<group>"; };
		DA0DEE771D88C16400B52422 /* MChatMenuStatusStandby.swift */ = {isa = PBXFileReference; fileEncoding = 4; lastKnownFileType = sourcecode.swift; path = MChatMenuStatusStandby.swift; sourceTree = "<group>"; };
		DA0DEE781D88C16400B52422 /* MChatMenuStatusTyping.swift */ = {isa = PBXFileReference; fileEncoding = 4; lastKnownFileType = sourcecode.swift; path = MChatMenuStatusTyping.swift; sourceTree = "<group>"; };
		DA0DEE851D88C21000B52422 /* CChatDisplayDetail.swift */ = {isa = PBXFileReference; fileEncoding = 4; lastKnownFileType = sourcecode.swift; path = CChatDisplayDetail.swift; sourceTree = "<group>"; };
		DA21D1F21D9186E8009A149E /* VChatDisplayAnnotationsList.swift */ = {isa = PBXFileReference; fileEncoding = 4; lastKnownFileType = sourcecode.swift; path = VChatDisplayAnnotationsList.swift; sourceTree = "<group>"; };
		DA21D1F41D918749009A149E /* VChatDisplayAnnotationsShade.swift */ = {isa = PBXFileReference; fileEncoding = 4; lastKnownFileType = sourcecode.swift; path = VChatDisplayAnnotationsShade.swift; sourceTree = "<group>"; };
		DA21D1F61D91903C009A149E /* VChatDisplayAnnotationsTutorial.swift */ = {isa = PBXFileReference; fileEncoding = 4; lastKnownFileType = sourcecode.swift; path = VChatDisplayAnnotationsTutorial.swift; sourceTree = "<group>"; };
		DA21D1F81D91A75A009A149E /* VChatDisplayAnnotationsPlacer.swift */ = {isa = PBXFileReference; fileEncoding = 4; lastKnownFileType = sourcecode.swift; path = VChatDisplayAnnotationsPlacer.swift; sourceTree = "<group>"; };
		DA21D1FA1D91B3E0009A149E /* VChatDisplayAnnotationsPlacerItem.swift */ = {isa = PBXFileReference; fileEncoding = 4; lastKnownFileType = sourcecode.swift; path = VChatDisplayAnnotationsPlacerItem.swift; sourceTree = "<group>"; };
		DA21D1FC1D91C043009A149E /* VChatDisplayAnnotationsEdit.swift */ = {isa = PBXFileReference; fileEncoding = 4; lastKnownFileType = sourcecode.swift; path = VChatDisplayAnnotationsEdit.swift; sourceTree = "<group>"; };
		DA269CC81D949E98004062CA /* VChatDisplayMarks.swift */ = {isa = PBXFileReference; fileEncoding = 4; lastKnownFileType = sourcecode.swift; path = VChatDisplayMarks.swift; sourceTree = "<group>"; };
		DA269CCA1D94A03C004062CA /* VChatDisplayMarksItem.swift */ = {isa = PBXFileReference; fileEncoding = 4; lastKnownFileType = sourcecode.swift; path = VChatDisplayMarksItem.swift; sourceTree = "<group>"; };
		DA32F82F1D884F6D00108E96 /* MMenuState.swift */ = {isa = PBXFileReference; fileEncoding = 4; lastKnownFileType = sourcecode.swift; path = MMenuState.swift; sourceTree = "<group>"; };
		DA32F8311D88501800108E96 /* MMenuStateOptions.swift */ = {isa = PBXFileReference; fileEncoding = 4; lastKnownFileType = sourcecode.swift; path = MMenuStateOptions.swift; sourceTree = "<group>"; };
		DA32F8331D88502400108E96 /* MMenuStatePushed.swift */ = {isa = PBXFileReference; fileEncoding = 4; lastKnownFileType = sourcecode.swift; path = MMenuStatePushed.swift; sourceTree = "<group>"; };
		DA4A200C1D906D3200BCDFCA /* MChatMenuItemEmoji.swift */ = {isa = PBXFileReference; fileEncoding = 4; lastKnownFileType = sourcecode.swift; path = MChatMenuItemEmoji.swift; sourceTree = "<group>"; };
		DA4A200E1D90705800BCDFCA /* MChatMenuStatusStandbyImage.swift */ = {isa = PBXFileReference; fileEncoding = 4; lastKnownFileType = sourcecode.swift; path = MChatMenuStatusStandbyImage.swift; sourceTree = "<group>"; };
		DA4A20101D90707D00BCDFCA /* MChatMenuStatusTypeReady.swift */ = {isa = PBXFileReference; fileEncoding = 4; lastKnownFileType = sourcecode.swift; path = MChatMenuStatusTypeReady.swift; sourceTree = "<group>"; };
		DA4A20121D9072E900BCDFCA /* MChatMenuItemHideKeyboard.swift */ = {isa = PBXFileReference; fileEncoding = 4; lastKnownFileType = sourcecode.swift; path = MChatMenuItemHideKeyboard.swift; sourceTree = "<group>"; };
		DA4A20141D9089C200BCDFCA /* CChatDisplayAnnotations.swift */ = {isa = PBXFileReference; fileEncoding = 4; lastKnownFileType = sourcecode.swift; path = CChatDisplayAnnotations.swift; sourceTree = "<group>"; };
		DA4A20171D9094B100BCDFCA /* VChatDisplayAnnotations.swift */ = {isa = PBXFileReference; fileEncoding = 4; lastKnownFileType = sourcecode.swift; path = VChatDisplayAnnotations.swift; sourceTree = "<group>"; };
		DA4A20191D90B16200BCDFCA /* VChatDisplayAnnotationsListCell.swift */ = {isa = PBXFileReference; fileEncoding = 4; lastKnownFileType = sourcecode.swift; path = VChatDisplayAnnotationsListCell.swift; sourceTree = "<group>"; };
		DA4EB6951D95C5EF00E15758 /* VMainAlert.swift */ = {isa = PBXFileReference; fileEncoding = 4; lastKnownFileType = sourcecode.swift; path = VMainAlert.swift; sourceTree = "<group>"; };
		DA4EB6971D95D88000E15758 /* alert.xcassets */ = {isa = PBXFileReference; lastKnownFileType = folder.assetcatalog; path = alert.xcassets; sourceTree = "<group>"; };
		DA4F817B1D7BB7FC00CC8B39 /* expocity.xcdatamodel */ = {isa = PBXFileReference; lastKnownFileType = wrapper.xcdatamodel; path = expocity.xcdatamodel; sourceTree = "<group>"; };
		DA4F817D1D7BB7FC00CC8B39 /* Info.plist */ = {isa = PBXFileReference; fileEncoding = 4; lastKnownFileType = text.plist.xml; path = Info.plist; sourceTree = "<group>"; };
		DA4F817E1D7BB7FC00CC8B39 /* test.swift */ = {isa = PBXFileReference; fileEncoding = 4; lastKnownFileType = sourcecode.swift; path = test.swift; sourceTree = "<group>"; };
		DA4F81841D7BB97B00CC8B39 /* CHome.swift */ = {isa = PBXFileReference; fileEncoding = 4; lastKnownFileType = sourcecode.swift; path = CHome.swift; sourceTree = "<group>"; };
		DA4F81861D7BB97B00CC8B39 /* CAppDelegate.swift */ = {isa = PBXFileReference; fileEncoding = 4; lastKnownFileType = sourcecode.swift; path = CAppDelegate.swift; sourceTree = "<group>"; };
		DA4F81871D7BB97B00CC8B39 /* CController.swift */ = {isa = PBXFileReference; fileEncoding = 4; lastKnownFileType = sourcecode.swift; path = CController.swift; sourceTree = "<group>"; };
		DA4F81881D7BB97B00CC8B39 /* CParent.swift */ = {isa = PBXFileReference; fileEncoding = 4; lastKnownFileType = sourcecode.swift; path = CParent.swift; sourceTree = "<group>"; };
		DA4F818C1D7BB97B00CC8B39 /* VHome.swift */ = {isa = PBXFileReference; fileEncoding = 4; lastKnownFileType = sourcecode.swift; path = VHome.swift; sourceTree = "<group>"; };
		DA4F81971D7D062500CC8B39 /* CategoryMKAnnotationView.swift */ = {isa = PBXFileReference; fileEncoding = 4; lastKnownFileType = sourcecode.swift; path = CategoryMKAnnotationView.swift; sourceTree = "<group>"; };
		DA4F81981D7D062500CC8B39 /* CategoryNSDate.swift */ = {isa = PBXFileReference; fileEncoding = 4; lastKnownFileType = sourcecode.swift; path = CategoryNSDate.swift; sourceTree = "<group>"; };
		DA4F81991D7D062500CC8B39 /* CategoryNSFileManager.swift */ = {isa = PBXFileReference; fileEncoding = 4; lastKnownFileType = sourcecode.swift; path = CategoryNSFileManager.swift; sourceTree = "<group>"; };
		DA4F819A1D7D062500CC8B39 /* CategoryNSManagerdObject.swift */ = {isa = PBXFileReference; fileEncoding = 4; lastKnownFileType = sourcecode.swift; path = CategoryNSManagerdObject.swift; sourceTree = "<group>"; };
		DA4F819B1D7D062500CC8B39 /* CategoryNSNotification.swift */ = {isa = PBXFileReference; fileEncoding = 4; lastKnownFileType = sourcecode.swift; path = CategoryNSNotification.swift; sourceTree = "<group>"; };
		DA4F819C1D7D062500CC8B39 /* CategoryUICollectionReusableView.swift */ = {isa = PBXFileReference; fileEncoding = 4; lastKnownFileType = sourcecode.swift; path = CategoryUICollectionReusableView.swift; sourceTree = "<group>"; };
		DA4F819D1D7D062500CC8B39 /* CategoryUIColor.swift */ = {isa = PBXFileReference; fileEncoding = 4; lastKnownFileType = sourcecode.swift; path = CategoryUIColor.swift; sourceTree = "<group>"; };
		DA4F819E1D7D062500CC8B39 /* CategoryUIFont.swift */ = {isa = PBXFileReference; fileEncoding = 4; lastKnownFileType = sourcecode.swift; path = CategoryUIFont.swift; sourceTree = "<group>"; };
		DA4F819F1D7D062500CC8B39 /* CategoryUILocalNotification.swift */ = {isa = PBXFileReference; fileEncoding = 4; lastKnownFileType = sourcecode.swift; path = CategoryUILocalNotification.swift; sourceTree = "<group>"; };
		DA4F81A01D7D062500CC8B39 /* CategoryUIViewController.swift */ = {isa = PBXFileReference; fileEncoding = 4; lastKnownFileType = sourcecode.swift; path = CategoryUIViewController.swift; sourceTree = "<group>"; };
		DA4F81AB1D7DBA5E00CC8B39 /* VMainLoader.swift */ = {isa = PBXFileReference; fileEncoding = 4; lastKnownFileType = sourcecode.swift; path = VMainLoader.swift; sourceTree = "<group>"; };
		DA4F81AE1D7DBB4000CC8B39 /* VBar.swift */ = {isa = PBXFileReference; fileEncoding = 4; lastKnownFileType = sourcecode.swift; path = VBar.swift; sourceTree = "<group>"; };
		DA4F81B01D7DBB4A00CC8B39 /* VBarCell.swift */ = {isa = PBXFileReference; fileEncoding = 4; lastKnownFileType = sourcecode.swift; path = VBarCell.swift; sourceTree = "<group>"; };
		DA73F1541D7F7C5B004E3875 /* VMainShadow.swift */ = {isa = PBXFileReference; fileEncoding = 4; lastKnownFileType = sourcecode.swift; path = VMainShadow.swift; sourceTree = "<group>"; };
		DA8B1B531D7DBF40004D8457 /* Launch.storyboard */ = {isa = PBXFileReference; fileEncoding = 4; lastKnownFileType = file.storyboard; path = Launch.storyboard; sourceTree = "<group>"; };
		DA8B1B551D7DC9D0004D8457 /* generic.xcassets */ = {isa = PBXFileReference; lastKnownFileType = folder.assetcatalog; path = generic.xcassets; sourceTree = "<group>"; };
		DA8B1B5D1D7DD48C004D8457 /* menu.xcassets */ = {isa = PBXFileReference; lastKnownFileType = folder.assetcatalog; path = menu.xcassets; sourceTree = "<group>"; };
		DA8B1B601D7DD746004D8457 /* MMenu.swift */ = {isa = PBXFileReference; fileEncoding = 4; lastKnownFileType = sourcecode.swift; path = MMenu.swift; sourceTree = "<group>"; };
		DA8B1B621D7DD74E004D8457 /* MMenuItem.swift */ = {isa = PBXFileReference; fileEncoding = 4; lastKnownFileType = sourcecode.swift; path = MMenuItem.swift; sourceTree = "<group>"; };
		DA8B1B641D7DD78C004D8457 /* MMenuItemHome.swift */ = {isa = PBXFileReference; fileEncoding = 4; lastKnownFileType = sourcecode.swift; path = MMenuItemHome.swift; sourceTree = "<group>"; };
		DA8B1B661D7DD79C004D8457 /* MMenuItemSettings.swift */ = {isa = PBXFileReference; fileEncoding = 4; lastKnownFileType = sourcecode.swift; path = MMenuItemSettings.swift; sourceTree = "<group>"; };
		DA8B1B681D7DD7D4004D8457 /* MMenuItemHistory.swift */ = {isa = PBXFileReference; fileEncoding = 4; lastKnownFileType = sourcecode.swift; path = MMenuItemHistory.swift; sourceTree = "<group>"; };
		DA8B1B6A1D7DEAFC004D8457 /* MMenuItemRooms.swift */ = {isa = PBXFileReference; fileEncoding = 4; lastKnownFileType = sourcecode.swift; path = MMenuItemRooms.swift; sourceTree = "<group>"; };
		DA8B1B6E1D7DEC45004D8457 /* en */ = {isa = PBXFileReference; lastKnownFileType = text.plist.strings; name = en; path = en.lproj/Localizable.strings; sourceTree = "<group>"; };
		DA8B1B711D7DF679004D8457 /* MNav.swift */ = {isa = PBXFileReference; fileEncoding = 4; lastKnownFileType = sourcecode.swift; path = MNav.swift; sourceTree = "<group>"; };
		DA8B1B731D7DF684004D8457 /* MNavLeft.swift */ = {isa = PBXFileReference; fileEncoding = 4; lastKnownFileType = sourcecode.swift; path = MNavLeft.swift; sourceTree = "<group>"; };
		DA8B1B751D7DF690004D8457 /* MNavRight.swift */ = {isa = PBXFileReference; fileEncoding = 4; lastKnownFileType = sourcecode.swift; path = MNavRight.swift; sourceTree = "<group>"; };
		DA8B1B771D7DF69B004D8457 /* MNavPush.swift */ = {isa = PBXFileReference; fileEncoding = 4; lastKnownFileType = sourcecode.swift; path = MNavPush.swift; sourceTree = "<group>"; };
		DA8B1B7A1D7E072E004D8457 /* CRooms.swift */ = {isa = PBXFileReference; fileEncoding = 4; lastKnownFileType = sourcecode.swift; path = CRooms.swift; sourceTree = "<group>"; };
		DA8B1B7D1D7E0740004D8457 /* VRooms.swift */ = {isa = PBXFileReference; fileEncoding = 4; lastKnownFileType = sourcecode.swift; path = VRooms.swift; sourceTree = "<group>"; };
		DA8B1B7F1D7E11CA004D8457 /* VParent.swift */ = {isa = PBXFileReference; fileEncoding = 4; lastKnownFileType = sourcecode.swift; path = VParent.swift; sourceTree = "<group>"; };
		DA8B1B821D7E21CA004D8457 /* CChat.swift */ = {isa = PBXFileReference; fileEncoding = 4; lastKnownFileType = sourcecode.swift; path = CChat.swift; sourceTree = "<group>"; };
		DA8B1B8B1D7E244C004D8457 /* MHome.swift */ = {isa = PBXFileReference; fileEncoding = 4; lastKnownFileType = sourcecode.swift; path = MHome.swift; sourceTree = "<group>"; };
		DA8B1B8D1D7E2462004D8457 /* MHomeItem.swift */ = {isa = PBXFileReference; fileEncoding = 4; lastKnownFileType = sourcecode.swift; path = MHomeItem.swift; sourceTree = "<group>"; };
		DA8B1B8F1D7E253A004D8457 /* MHomeItemCreate.swift */ = {isa = PBXFileReference; fileEncoding = 4; lastKnownFileType = sourcecode.swift; path = MHomeItemCreate.swift; sourceTree = "<group>"; };
		DA8B1B911D7E2548004D8457 /* MHomeItemTitle.swift */ = {isa = PBXFileReference; fileEncoding = 4; lastKnownFileType = sourcecode.swift; path = MHomeItemTitle.swift; sourceTree = "<group>"; };
		DA8B1B931D7E2575004D8457 /* VHomeCell.swift */ = {isa = PBXFileReference; fileEncoding = 4; lastKnownFileType = sourcecode.swift; path = VHomeCell.swift; sourceTree = "<group>"; };
		DA8B1B951D7E25C1004D8457 /* VHomeCellCreate.swift */ = {isa = PBXFileReference; fileEncoding = 4; lastKnownFileType = sourcecode.swift; path = VHomeCellCreate.swift; sourceTree = "<group>"; };
		DA8B1B971D7E25CE004D8457 /* VHomeCellTitle.swift */ = {isa = PBXFileReference; fileEncoding = 4; lastKnownFileType = sourcecode.swift; path = VHomeCellTitle.swift; sourceTree = "<group>"; };
		DA9739BF1D90C05C00365D84 /* VChatDisplayAnnotationsBar.swift */ = {isa = PBXFileReference; fileEncoding = 4; lastKnownFileType = sourcecode.swift; path = VChatDisplayAnnotationsBar.swift; sourceTree = "<group>"; };
		DA9739C21D90C9D700365D84 /* MChatDisplayAnnotations.swift */ = {isa = PBXFileReference; fileEncoding = 4; lastKnownFileType = sourcecode.swift; path = MChatDisplayAnnotations.swift; sourceTree = "<group>"; };
		DA9739C41D90C9E300365D84 /* MChatDisplayAnnotationsItem.swift */ = {isa = PBXFileReference; fileEncoding = 4; lastKnownFileType = sourcecode.swift; path = MChatDisplayAnnotationsItem.swift; sourceTree = "<group>"; };
		DA9846051D89D61B0084A0A6 /* VChatDisplayDetail.swift */ = {isa = PBXFileReference; fileEncoding = 4; lastKnownFileType = sourcecode.swift; path = VChatDisplayDetail.swift; sourceTree = "<group>"; };
		DA9846071D89DA1A0084A0A6 /* VChatDisplayDetailBar.swift */ = {isa = PBXFileReference; fileEncoding = 4; lastKnownFileType = sourcecode.swift; path = VChatDisplayDetailBar.swift; sourceTree = "<group>"; };
		DAC3CAE81D7BB5C60090ECCD /* expocity.app */ = {isa = PBXFileReference; explicitFileType = wrapper.application; includeInIndex = 0; path = expocity.app; sourceTree = BUILT_PRODUCTS_DIR; };
		DAC3CAFA1D7BB5C60090ECCD /* Info.plist */ = {isa = PBXFileReference; lastKnownFileType = text.plist.xml; path = Info.plist; sourceTree = "<group>"; };
		DAC3CAFF1D7BB5C60090ECCD /* tests.xctest */ = {isa = PBXFileReference; explicitFileType = wrapper.cfbundle; includeInIndex = 0; path = tests.xctest; sourceTree = BUILT_PRODUCTS_DIR; };
		DAE27C591D8AEB4A00E43F33 /* VChatDisplayOptions.swift */ = {isa = PBXFileReference; fileEncoding = 4; lastKnownFileType = sourcecode.swift; path = VChatDisplayOptions.swift; sourceTree = "<group>"; };
		DAE27C5B1D8AEB6A00E43F33 /* VChatDisplayOptionsCell.swift */ = {isa = PBXFileReference; fileEncoding = 4; lastKnownFileType = sourcecode.swift; path = VChatDisplayOptionsCell.swift; sourceTree = "<group>"; };
		DAE27C5D1D8AEDCE00E43F33 /* CChatDisplayOptions.swift */ = {isa = PBXFileReference; fileEncoding = 4; lastKnownFileType = sourcecode.swift; path = CChatDisplayOptions.swift; sourceTree = "<group>"; };
		DAE27C5F1D8AF65500E43F33 /* MChatMenuItemOptions.swift */ = {isa = PBXFileReference; fileEncoding = 4; lastKnownFileType = sourcecode.swift; path = MChatMenuItemOptions.swift; sourceTree = "<group>"; };
		DAE27C631D8B118300E43F33 /* MChatDisplayOptions.swift */ = {isa = PBXFileReference; fileEncoding = 4; lastKnownFileType = sourcecode.swift; path = MChatDisplayOptions.swift; sourceTree = "<group>"; };
		DAE27C651D8B119700E43F33 /* MChatDisplayOptionsItem.swift */ = {isa = PBXFileReference; fileEncoding = 4; lastKnownFileType = sourcecode.swift; path = MChatDisplayOptionsItem.swift; sourceTree = "<group>"; };
		DAE27C671D8B122300E43F33 /* MChatDisplayOptionsItemFit.swift */ = {isa = PBXFileReference; fileEncoding = 4; lastKnownFileType = sourcecode.swift; path = MChatDisplayOptionsItemFit.swift; sourceTree = "<group>"; };
		DAE27C691D8B122C00E43F33 /* MChatDisplayOptionsItemFill.swift */ = {isa = PBXFileReference; fileEncoding = 4; lastKnownFileType = sourcecode.swift; path = MChatDisplayOptionsItemFill.swift; sourceTree = "<group>"; };
		DAE27C6B1D8B123600E43F33 /* MChatDisplayOptionsItemCenter.swift */ = {isa = PBXFileReference; fileEncoding = 4; lastKnownFileType = sourcecode.swift; path = MChatDisplayOptionsItemCenter.swift; sourceTree = "<group>"; };
		DAFBF7071D831F43002B294C /* chat.xcassets */ = {isa = PBXFileReference; lastKnownFileType = folder.assetcatalog; path = chat.xcassets; sourceTree = "<group>"; };
/* End PBXFileReference section */

/* Begin PBXFrameworksBuildPhase section */
		DAC3CAE51D7BB5C60090ECCD /* Frameworks */ = {
			isa = PBXFrameworksBuildPhase;
			buildActionMask = 2147483647;
			files = (
			);
			runOnlyForDeploymentPostprocessing = 0;
		};
		DAC3CAFC1D7BB5C60090ECCD /* Frameworks */ = {
			isa = PBXFrameworksBuildPhase;
			buildActionMask = 2147483647;
			files = (
			);
			runOnlyForDeploymentPostprocessing = 0;
		};
/* End PBXFrameworksBuildPhase section */

/* Begin PBXGroup section */
		DA0DEE511D88C0C000B52422 /* Conversation */ = {
			isa = PBXGroup;
			children = (
				DA0DEE521D88C0C000B52422 /* VChatConversation.swift */,
				DA0DEE531D88C0C000B52422 /* VChatConversationCell.swift */,
				DA0DEE541D88C0C000B52422 /* VChatConversationCellText.swift */,
				DA0DEE551D88C0C000B52422 /* VChatConversationCellTextMine.swift */,
			);
			path = Conversation;
			sourceTree = "<group>";
		};
		DA0DEE561D88C0C000B52422 /* Display */ = {
			isa = PBXGroup;
			children = (
				DA0DEE571D88C0C000B52422 /* VChatDisplay.swift */,
				DA269CC81D949E98004062CA /* VChatDisplayMarks.swift */,
				DA269CCA1D94A03C004062CA /* VChatDisplayMarksItem.swift */,
			);
			path = Display;
			sourceTree = "<group>";
		};
		DA0DEE581D88C0C000B52422 /* Input */ = {
			isa = PBXGroup;
			children = (
				DA0DEE591D88C0C000B52422 /* VChatInput.swift */,
				DA0DEE5A1D88C0C000B52422 /* VChatInputMenu.swift */,
				DA0DEE5B1D88C0C000B52422 /* VChatInputMenuCell.swift */,
			);
			path = Input;
			sourceTree = "<group>";
		};
		DA0DEE5C1D88C0C000B52422 /* Main */ = {
			isa = PBXGroup;
			children = (
				DA0DEE5D1D88C0C000B52422 /* VChat.swift */,
			);
			path = Main;
			sourceTree = "<group>";
		};
		DA0DEE671D88C16400B52422 /* Item */ = {
			isa = PBXGroup;
			children = (
				DA0DEE681D88C16400B52422 /* MChatItem.swift */,
				DA0DEE691D88C16400B52422 /* MChatItemText.swift */,
				DA0DEE6A1D88C16400B52422 /* MChatItemTextMine.swift */,
			);
			path = Item;
			sourceTree = "<group>";
		};
		DA0DEE6B1D88C16400B52422 /* Main */ = {
			isa = PBXGroup;
			children = (
				DA0DEE6C1D88C16400B52422 /* MChat.swift */,
			);
			path = Main;
			sourceTree = "<group>";
		};
		DA0DEE6D1D88C16400B52422 /* Menu */ = {
			isa = PBXGroup;
			children = (
				DA0DEE6E1D88C16400B52422 /* Item */,
				DA0DEE731D88C16400B52422 /* Main */,
				DA0DEE751D88C16400B52422 /* Status */,
			);
			path = Menu;
			sourceTree = "<group>";
		};
		DA0DEE6E1D88C16400B52422 /* Item */ = {
			isa = PBXGroup;
			children = (
				DA0DEE6F1D88C16400B52422 /* MChatMenuItem.swift */,
				DA0DEE701D88C16400B52422 /* MChatMenuItemAnnotate.swift */,
				DA0DEE711D88C16400B52422 /* MChatMenuItemPicture.swift */,
				DA0DEE721D88C16400B52422 /* MChatMenuItemSend.swift */,
				DAE27C5F1D8AF65500E43F33 /* MChatMenuItemOptions.swift */,
				DA4A200C1D906D3200BCDFCA /* MChatMenuItemEmoji.swift */,
				DA4A20121D9072E900BCDFCA /* MChatMenuItemHideKeyboard.swift */,
			);
			path = Item;
			sourceTree = "<group>";
		};
		DA0DEE731D88C16400B52422 /* Main */ = {
			isa = PBXGroup;
			children = (
				DA0DEE741D88C16400B52422 /* MChatMenu.swift */,
			);
			path = Main;
			sourceTree = "<group>";
		};
		DA0DEE751D88C16400B52422 /* Status */ = {
			isa = PBXGroup;
			children = (
				DA0DEE761D88C16400B52422 /* MChatMenuStatus.swift */,
				DA0DEE771D88C16400B52422 /* MChatMenuStatusStandby.swift */,
				DA0DEE781D88C16400B52422 /* MChatMenuStatusTyping.swift */,
				DA4A200E1D90705800BCDFCA /* MChatMenuStatusStandbyImage.swift */,
				DA4A20101D90707D00BCDFCA /* MChatMenuStatusTypeReady.swift */,
			);
			path = Status;
			sourceTree = "<group>";
		};
		DA4A20161D9094A200BCDFCA /* DisplayAnnotations */ = {
			isa = PBXGroup;
			children = (
				DA4A20171D9094B100BCDFCA /* VChatDisplayAnnotations.swift */,
				DA9739BF1D90C05C00365D84 /* VChatDisplayAnnotationsBar.swift */,
				DA21D1F41D918749009A149E /* VChatDisplayAnnotationsShade.swift */,
				DA21D1F21D9186E8009A149E /* VChatDisplayAnnotationsList.swift */,
				DA4A20191D90B16200BCDFCA /* VChatDisplayAnnotationsListCell.swift */,
				DA21D1F61D91903C009A149E /* VChatDisplayAnnotationsTutorial.swift */,
				DA21D1F81D91A75A009A149E /* VChatDisplayAnnotationsPlacer.swift */,
				DA21D1FA1D91B3E0009A149E /* VChatDisplayAnnotationsPlacerItem.swift */,
				DA21D1FC1D91C043009A149E /* VChatDisplayAnnotationsEdit.swift */,
			);
			path = DisplayAnnotations;
			sourceTree = "<group>";
		};
		DA4EB6991D95EEA700E15758 /* Emoji */ = {
			isa = PBXGroup;
			children = (
				DA4EB69A1D95EEA700E15758 /* Chat */,
				DA4EB69B1D95EEA700E15758 /* Keyboard */,
			);
			path = Emoji;
			sourceTree = "<group>";
		};
		DA4EB69A1D95EEA700E15758 /* Chat */ = {
			isa = PBXGroup;
			children = (
			);
			path = Chat;
			sourceTree = "<group>";
		};
		DA4EB69B1D95EEA700E15758 /* Keyboard */ = {
			isa = PBXGroup;
			children = (
			);
			path = Keyboard;
			sourceTree = "<group>";
		};
		DA4EB69C1D95EEF900E15758 /* Emoji */ = {
			isa = PBXGroup;
			children = (
				DA4EB69D1D95EEF900E15758 /* Conversation */,
				DA4EB69E1D95EEF900E15758 /* Keyboard */,
			);
			path = Emoji;
			sourceTree = "<group>";
		};
		DA4EB69D1D95EEF900E15758 /* Conversation */ = {
			isa = PBXGroup;
			children = (
			);
			path = Conversation;
			sourceTree = "<group>";
		};
		DA4EB69E1D95EEF900E15758 /* Keyboard */ = {
			isa = PBXGroup;
			children = (
			);
			path = Keyboard;
			sourceTree = "<group>";
		};
		DA4F81791D7BB7FC00CC8B39 /* Data */ = {
			isa = PBXGroup;
			children = (
				DA4F817A1D7BB7FC00CC8B39 /* expocity.xcdatamodeld */,
			);
			path = Data;
			sourceTree = "<group>";
		};
		DA4F817C1D7BB7FC00CC8B39 /* Test */ = {
			isa = PBXGroup;
			children = (
				DA4F817D1D7BB7FC00CC8B39 /* Info.plist */,
				DA4F817E1D7BB7FC00CC8B39 /* test.swift */,
			);
			path = Test;
			sourceTree = "<group>";
		};
		DA4F81821D7BB97B00CC8B39 /* Controller */ = {
			isa = PBXGroup;
			children = (
				DA8B1B811D7E21BF004D8457 /* Chat */,
				DA8B1B791D7E072E004D8457 /* Rooms */,
				DA4F81831D7BB97B00CC8B39 /* Home */,
				DA4F81851D7BB97B00CC8B39 /* Main */,
			);
			path = Controller;
			sourceTree = "<group>";
		};
		DA4F81831D7BB97B00CC8B39 /* Home */ = {
			isa = PBXGroup;
			children = (
				DA4F81841D7BB97B00CC8B39 /* CHome.swift */,
			);
			path = Home;
			sourceTree = "<group>";
		};
		DA4F81851D7BB97B00CC8B39 /* Main */ = {
			isa = PBXGroup;
			children = (
				DA4F81861D7BB97B00CC8B39 /* CAppDelegate.swift */,
				DA4F81871D7BB97B00CC8B39 /* CController.swift */,
				DA4F81881D7BB97B00CC8B39 /* CParent.swift */,
			);
			path = Main;
			sourceTree = "<group>";
		};
		DA4F81891D7BB97B00CC8B39 /* Model */ = {
			isa = PBXGroup;
			children = (
				DA8B1B8A1D7E2442004D8457 /* Home */,
				DA8B1B871D7E23AB004D8457 /* Chat */,
				DA8B1B701D7DF664004D8457 /* Nav */,
				DA8B1B5F1D7DD735004D8457 /* Menu */,
			);
			path = Model;
			sourceTree = "<group>";
		};
		DA4F818A1D7BB97B00CC8B39 /* View */ = {
			isa = PBXGroup;
			children = (
				DA8B1B841D7E22B9004D8457 /* Chat */,
				DA8B1B7C1D7E0740004D8457 /* Rooms */,
				DA4F81AD1D7DBB4000CC8B39 /* Bar */,
				DA4F818B1D7BB97B00CC8B39 /* Home */,
				DA4F818D1D7BB97B00CC8B39 /* Main */,
			);
			path = View;
			sourceTree = "<group>";
		};
		DA4F818B1D7BB97B00CC8B39 /* Home */ = {
			isa = PBXGroup;
			children = (
				DA4F818C1D7BB97B00CC8B39 /* VHome.swift */,
				DA8B1B931D7E2575004D8457 /* VHomeCell.swift */,
				DA8B1B971D7E25CE004D8457 /* VHomeCellTitle.swift */,
				DA8B1B951D7E25C1004D8457 /* VHomeCellCreate.swift */,
			);
			path = Home;
			sourceTree = "<group>";
		};
		DA4F818D1D7BB97B00CC8B39 /* Main */ = {
			isa = PBXGroup;
			children = (
				DA4F81AB1D7DBA5E00CC8B39 /* VMainLoader.swift */,
				DA73F1541D7F7C5B004E3875 /* VMainShadow.swift */,
				DA4EB6951D95C5EF00E15758 /* VMainAlert.swift */,
				DA8B1B7F1D7E11CA004D8457 /* VParent.swift */,
			);
			path = Main;
			sourceTree = "<group>";
		};
		DA4F81961D7D062500CC8B39 /* Category */ = {
			isa = PBXGroup;
			children = (
				DA4F81971D7D062500CC8B39 /* CategoryMKAnnotationView.swift */,
				DA4F81981D7D062500CC8B39 /* CategoryNSDate.swift */,
				DA4F81991D7D062500CC8B39 /* CategoryNSFileManager.swift */,
				DA4F819A1D7D062500CC8B39 /* CategoryNSManagerdObject.swift */,
				DA4F819B1D7D062500CC8B39 /* CategoryNSNotification.swift */,
				DA4F819C1D7D062500CC8B39 /* CategoryUICollectionReusableView.swift */,
				DA4F819D1D7D062500CC8B39 /* CategoryUIColor.swift */,
				DA4F819E1D7D062500CC8B39 /* CategoryUIFont.swift */,
				DA4F819F1D7D062500CC8B39 /* CategoryUILocalNotification.swift */,
				DA4F81A01D7D062500CC8B39 /* CategoryUIViewController.swift */,
			);
			path = Category;
			sourceTree = "<group>";
		};
		DA4F81AD1D7DBB4000CC8B39 /* Bar */ = {
			isa = PBXGroup;
			children = (
				DA4F81AE1D7DBB4000CC8B39 /* VBar.swift */,
				DA4F81B01D7DBB4A00CC8B39 /* VBarCell.swift */,
			);
			path = Bar;
			sourceTree = "<group>";
		};
		DA8B1B521D7DBF08004D8457 /* Assets */ = {
			isa = PBXGroup;
			children = (
				DA8B1B531D7DBF40004D8457 /* Launch.storyboard */,
				DA8B1B551D7DC9D0004D8457 /* generic.xcassets */,
				DA8B1B5D1D7DD48C004D8457 /* menu.xcassets */,
				DAFBF7071D831F43002B294C /* chat.xcassets */,
				DA4EB6971D95D88000E15758 /* alert.xcassets */,
			);
			path = Assets;
			sourceTree = "<group>";
		};
		DA8B1B5F1D7DD735004D8457 /* Menu */ = {
			isa = PBXGroup;
			children = (
				DA8B1B601D7DD746004D8457 /* MMenu.swift */,
				DA8B1B621D7DD74E004D8457 /* MMenuItem.swift */,
				DA8B1B641D7DD78C004D8457 /* MMenuItemHome.swift */,
				DA8B1B661D7DD79C004D8457 /* MMenuItemSettings.swift */,
				DA8B1B681D7DD7D4004D8457 /* MMenuItemHistory.swift */,
				DA8B1B6A1D7DEAFC004D8457 /* MMenuItemRooms.swift */,
				DA32F82F1D884F6D00108E96 /* MMenuState.swift */,
				DA32F8311D88501800108E96 /* MMenuStateOptions.swift */,
				DA32F8331D88502400108E96 /* MMenuStatePushed.swift */,
			);
			path = Menu;
			sourceTree = "<group>";
		};
		DA8B1B6C1D7DEC45004D8457 /* Resource */ = {
			isa = PBXGroup;
			children = (
				DA8B1B6D1D7DEC45004D8457 /* Localizable.strings */,
			);
			path = Resource;
			sourceTree = "<group>";
		};
		DA8B1B701D7DF664004D8457 /* Nav */ = {
			isa = PBXGroup;
			children = (
				DA8B1B711D7DF679004D8457 /* MNav.swift */,
				DA8B1B731D7DF684004D8457 /* MNavLeft.swift */,
				DA8B1B751D7DF690004D8457 /* MNavRight.swift */,
				DA8B1B771D7DF69B004D8457 /* MNavPush.swift */,
			);
			path = Nav;
			sourceTree = "<group>";
		};
		DA8B1B791D7E072E004D8457 /* Rooms */ = {
			isa = PBXGroup;
			children = (
				DA8B1B7A1D7E072E004D8457 /* CRooms.swift */,
			);
			path = Rooms;
			sourceTree = "<group>";
		};
		DA8B1B7C1D7E0740004D8457 /* Rooms */ = {
			isa = PBXGroup;
			children = (
				DA8B1B7D1D7E0740004D8457 /* VRooms.swift */,
			);
			path = Rooms;
			sourceTree = "<group>";
		};
		DA8B1B811D7E21BF004D8457 /* Chat */ = {
			isa = PBXGroup;
			children = (
				DA8B1B821D7E21CA004D8457 /* CChat.swift */,
				DA0DEE851D88C21000B52422 /* CChatDisplayDetail.swift */,
				DAE27C5D1D8AEDCE00E43F33 /* CChatDisplayOptions.swift */,
				DA4A20141D9089C200BCDFCA /* CChatDisplayAnnotations.swift */,
			);
			path = Chat;
			sourceTree = "<group>";
		};
		DA8B1B841D7E22B9004D8457 /* Chat */ = {
			isa = PBXGroup;
			children = (
				DA4EB6991D95EEA700E15758 /* Emoji */,
				DA4A20161D9094A200BCDFCA /* DisplayAnnotations */,
				DAE27C581D8AEAD500E43F33 /* DisplayOptions */,
				DA9846041D89D61B0084A0A6 /* DisplayDetail */,
				DA0DEE561D88C0C000B52422 /* Display */,
				DA0DEE511D88C0C000B52422 /* Conversation */,
				DA0DEE581D88C0C000B52422 /* Input */,
				DA0DEE5C1D88C0C000B52422 /* Main */,
			);
			path = Chat;
			sourceTree = "<group>";
		};
		DA8B1B871D7E23AB004D8457 /* Chat */ = {
			isa = PBXGroup;
			children = (
				DA4EB69C1D95EEF900E15758 /* Emoji */,
				DAE27C611D8B116600E43F33 /* Display */,
				DA0DEE671D88C16400B52422 /* Item */,
				DA0DEE6B1D88C16400B52422 /* Main */,
				DA0DEE6D1D88C16400B52422 /* Menu */,
			);
			path = Chat;
			sourceTree = "<group>";
		};
		DA8B1B8A1D7E2442004D8457 /* Home */ = {
			isa = PBXGroup;
			children = (
				DA8B1B8B1D7E244C004D8457 /* MHome.swift */,
				DA8B1B8D1D7E2462004D8457 /* MHomeItem.swift */,
				DA8B1B911D7E2548004D8457 /* MHomeItemTitle.swift */,
				DA8B1B8F1D7E253A004D8457 /* MHomeItemCreate.swift */,
			);
			path = Home;
			sourceTree = "<group>";
		};
		DA9739C11D90C9C100365D84 /* Annotations */ = {
			isa = PBXGroup;
			children = (
				DA9739C21D90C9D700365D84 /* MChatDisplayAnnotations.swift */,
				DA9739C41D90C9E300365D84 /* MChatDisplayAnnotationsItem.swift */,
			);
			path = Annotations;
			sourceTree = "<group>";
		};
		DA9846041D89D61B0084A0A6 /* DisplayDetail */ = {
			isa = PBXGroup;
			children = (
				DA9846051D89D61B0084A0A6 /* VChatDisplayDetail.swift */,
				DA9846071D89DA1A0084A0A6 /* VChatDisplayDetailBar.swift */,
			);
			path = DisplayDetail;
			sourceTree = "<group>";
		};
		DAC3CADF1D7BB5C60090ECCD = {
			isa = PBXGroup;
			children = (
				DAC3CAEA1D7BB5C60090ECCD /* expocity */,
				DAC3CAE91D7BB5C60090ECCD /* Products */,
			);
			sourceTree = "<group>";
		};
		DAC3CAE91D7BB5C60090ECCD /* Products */ = {
			isa = PBXGroup;
			children = (
				DAC3CAE81D7BB5C60090ECCD /* expocity.app */,
				DAC3CAFF1D7BB5C60090ECCD /* tests.xctest */,
			);
			name = Products;
			sourceTree = "<group>";
		};
		DAC3CAEA1D7BB5C60090ECCD /* expocity */ = {
			isa = PBXGroup;
			children = (
				DA8B1B6C1D7DEC45004D8457 /* Resource */,
				DA8B1B521D7DBF08004D8457 /* Assets */,
				DA4F81961D7D062500CC8B39 /* Category */,
				DA4F81821D7BB97B00CC8B39 /* Controller */,
				DA4F81891D7BB97B00CC8B39 /* Model */,
				DA4F818A1D7BB97B00CC8B39 /* View */,
				DA4F81791D7BB7FC00CC8B39 /* Data */,
				DA4F817C1D7BB7FC00CC8B39 /* Test */,
				DAC3CAFA1D7BB5C60090ECCD /* Info.plist */,
			);
			path = expocity;
			sourceTree = "<group>";
		};
		DAE27C581D8AEAD500E43F33 /* DisplayOptions */ = {
			isa = PBXGroup;
			children = (
				DAE27C591D8AEB4A00E43F33 /* VChatDisplayOptions.swift */,
				DAE27C5B1D8AEB6A00E43F33 /* VChatDisplayOptionsCell.swift */,
			);
			path = DisplayOptions;
			sourceTree = "<group>";
		};
		DAE27C611D8B116600E43F33 /* Display */ = {
			isa = PBXGroup;
			children = (
				DA9739C11D90C9C100365D84 /* Annotations */,
				DAE27C621D8B116600E43F33 /* Options */,
			);
			path = Display;
			sourceTree = "<group>";
		};
		DAE27C621D8B116600E43F33 /* Options */ = {
			isa = PBXGroup;
			children = (
				DAE27C631D8B118300E43F33 /* MChatDisplayOptions.swift */,
				DAE27C651D8B119700E43F33 /* MChatDisplayOptionsItem.swift */,
				DAE27C671D8B122300E43F33 /* MChatDisplayOptionsItemFit.swift */,
				DAE27C691D8B122C00E43F33 /* MChatDisplayOptionsItemFill.swift */,
				DAE27C6B1D8B123600E43F33 /* MChatDisplayOptionsItemCenter.swift */,
			);
			path = Options;
			sourceTree = "<group>";
		};
/* End PBXGroup section */

/* Begin PBXNativeTarget section */
		DAC3CAE71D7BB5C60090ECCD /* expocity */ = {
			isa = PBXNativeTarget;
			buildConfigurationList = DAC3CB081D7BB5C60090ECCD /* Build configuration list for PBXNativeTarget "expocity" */;
			buildPhases = (
				DAC3CAE41D7BB5C60090ECCD /* Sources */,
				DAC3CAE51D7BB5C60090ECCD /* Frameworks */,
				DAC3CAE61D7BB5C60090ECCD /* Resources */,
			);
			buildRules = (
			);
			dependencies = (
			);
			name = expocity;
			productName = expocity;
			productReference = DAC3CAE81D7BB5C60090ECCD /* expocity.app */;
			productType = "com.apple.product-type.application";
		};
		DAC3CAFE1D7BB5C60090ECCD /* tests */ = {
			isa = PBXNativeTarget;
			buildConfigurationList = DAC3CB0B1D7BB5C60090ECCD /* Build configuration list for PBXNativeTarget "tests" */;
			buildPhases = (
				DAC3CAFB1D7BB5C60090ECCD /* Sources */,
				DAC3CAFC1D7BB5C60090ECCD /* Frameworks */,
				DAC3CAFD1D7BB5C60090ECCD /* Resources */,
			);
			buildRules = (
			);
			dependencies = (
				DAC3CB011D7BB5C60090ECCD /* PBXTargetDependency */,
			);
			name = tests;
			productName = expocityTests;
			productReference = DAC3CAFF1D7BB5C60090ECCD /* tests.xctest */;
			productType = "com.apple.product-type.bundle.unit-test";
		};
/* End PBXNativeTarget section */

/* Begin PBXProject section */
		DAC3CAE01D7BB5C60090ECCD /* Project object */ = {
			isa = PBXProject;
			attributes = {
				LastSwiftUpdateCheck = 0730;
				LastUpgradeCheck = 0730;
				ORGANIZATIONNAME = iturbide;
				TargetAttributes = {
					DAC3CAE71D7BB5C60090ECCD = {
						CreatedOnToolsVersion = 7.3.1;
						DevelopmentTeam = 7AMWG3RLHN;
					};
					DAC3CAFE1D7BB5C60090ECCD = {
						CreatedOnToolsVersion = 7.3.1;
						TestTargetID = DAC3CAE71D7BB5C60090ECCD;
					};
				};
			};
			buildConfigurationList = DAC3CAE31D7BB5C60090ECCD /* Build configuration list for PBXProject "expocity" */;
			compatibilityVersion = "Xcode 3.2";
			developmentRegion = English;
			hasScannedForEncodings = 0;
			knownRegions = (
				en,
				Base,
			);
			mainGroup = DAC3CADF1D7BB5C60090ECCD;
			productRefGroup = DAC3CAE91D7BB5C60090ECCD /* Products */;
			projectDirPath = "";
			projectRoot = "";
			targets = (
				DAC3CAE71D7BB5C60090ECCD /* expocity */,
				DAC3CAFE1D7BB5C60090ECCD /* tests */,
			);
		};
/* End PBXProject section */

/* Begin PBXResourcesBuildPhase section */
		DAC3CAE61D7BB5C60090ECCD /* Resources */ = {
			isa = PBXResourcesBuildPhase;
			buildActionMask = 2147483647;
			files = (
				DA4EB6981D95D88000E15758 /* alert.xcassets in Resources */,
				DAFBF7081D831F43002B294C /* chat.xcassets in Resources */,
				DA8B1B541D7DBF40004D8457 /* Launch.storyboard in Resources */,
				DA8B1B6F1D7DEC45004D8457 /* Localizable.strings in Resources */,
				DA8B1B5E1D7DD48C004D8457 /* menu.xcassets in Resources */,
				DA8B1B561D7DC9D0004D8457 /* generic.xcassets in Resources */,
			);
			runOnlyForDeploymentPostprocessing = 0;
		};
		DAC3CAFD1D7BB5C60090ECCD /* Resources */ = {
			isa = PBXResourcesBuildPhase;
			buildActionMask = 2147483647;
			files = (
			);
			runOnlyForDeploymentPostprocessing = 0;
		};
/* End PBXResourcesBuildPhase section */

/* Begin PBXSourcesBuildPhase section */
		DAC3CAE41D7BB5C60090ECCD /* Sources */ = {
			isa = PBXSourcesBuildPhase;
			buildActionMask = 2147483647;
			files = (
				DA8B1B631D7DD74E004D8457 /* MMenuItem.swift in Sources */,
				DA8B1B831D7E21CA004D8457 /* CChat.swift in Sources */,
				DAE27C681D8B122300E43F33 /* MChatDisplayOptionsItemFit.swift in Sources */,
				DA8B1B7B1D7E072E004D8457 /* CRooms.swift in Sources */,
				DA4F81A21D7D062500CC8B39 /* CategoryNSDate.swift in Sources */,
				DA8B1B961D7E25C1004D8457 /* VHomeCellCreate.swift in Sources */,
				DA9846081D89DA1A0084A0A6 /* VChatDisplayDetailBar.swift in Sources */,
				DA21D1F31D9186E8009A149E /* VChatDisplayAnnotationsList.swift in Sources */,
				DA8B1B921D7E2548004D8457 /* MHomeItemTitle.swift in Sources */,
				DA4F81B11D7DBB4A00CC8B39 /* VBarCell.swift in Sources */,
				DA0DEE801D88C16400B52422 /* MChatMenuItemSend.swift in Sources */,
				DA8B1B741D7DF684004D8457 /* MNavLeft.swift in Sources */,
				DA8B1B611D7DD746004D8457 /* MMenu.swift in Sources */,
				DA4F818F1D7BB97B00CC8B39 /* CAppDelegate.swift in Sources */,
				DA8B1B7E1D7E0740004D8457 /* VRooms.swift in Sources */,
				DA8B1B801D7E11CA004D8457 /* VParent.swift in Sources */,
				DA4A20151D9089C200BCDFCA /* CChatDisplayAnnotations.swift in Sources */,
				DA4F81911D7BB97B00CC8B39 /* CParent.swift in Sources */,
				DA4A20131D9072E900BCDFCA /* MChatMenuItemHideKeyboard.swift in Sources */,
				DA0DEE7E1D88C16400B52422 /* MChatMenuItemAnnotate.swift in Sources */,
				DA8B1B981D7E25CE004D8457 /* VHomeCellTitle.swift in Sources */,
				DA0DEE5F1D88C0C000B52422 /* VChatConversationCell.swift in Sources */,
				DA4F81A31D7D062500CC8B39 /* CategoryNSFileManager.swift in Sources */,
				DA0DEE611D88C0C000B52422 /* VChatConversationCellTextMine.swift in Sources */,
				DA0DEE841D88C16400B52422 /* MChatMenuStatusTyping.swift in Sources */,
				DA0DEE661D88C0C000B52422 /* VChat.swift in Sources */,
				DAE27C6A1D8B122C00E43F33 /* MChatDisplayOptionsItemFill.swift in Sources */,
				DA0DEE821D88C16400B52422 /* MChatMenuStatus.swift in Sources */,
				DA269CC91D949E98004062CA /* VChatDisplayMarks.swift in Sources */,
				DA4A200D1D906D3200BCDFCA /* MChatMenuItemEmoji.swift in Sources */,
				DA9739C51D90C9E300365D84 /* MChatDisplayAnnotationsItem.swift in Sources */,
				DA4F81A51D7D062500CC8B39 /* CategoryNSNotification.swift in Sources */,
				DAE27C5C1D8AEB6A00E43F33 /* VChatDisplayOptionsCell.swift in Sources */,
				DA4F81A61D7D062500CC8B39 /* CategoryUICollectionReusableView.swift in Sources */,
				DA4F81A81D7D062500CC8B39 /* CategoryUIFont.swift in Sources */,
				DA4A20111D90707D00BCDFCA /* MChatMenuStatusTypeReady.swift in Sources */,
				DA4F817F1D7BB7FC00CC8B39 /* expocity.xcdatamodeld in Sources */,
				DA4A20181D9094B100BCDFCA /* VChatDisplayAnnotations.swift in Sources */,
				DA4F818E1D7BB97B00CC8B39 /* CHome.swift in Sources */,
				DA4F81A11D7D062500CC8B39 /* CategoryMKAnnotationView.swift in Sources */,
				DA8B1B691D7DD7D4004D8457 /* MMenuItemHistory.swift in Sources */,
				DAE27C6C1D8B123600E43F33 /* MChatDisplayOptionsItemCenter.swift in Sources */,
				DAE27C5E1D8AEDCE00E43F33 /* CChatDisplayOptions.swift in Sources */,
				DA4F81921D7BB97B00CC8B39 /* VHome.swift in Sources */,
				DA8B1B651D7DD78C004D8457 /* MMenuItemHome.swift in Sources */,
				DA73F1551D7F7C5B004E3875 /* VMainShadow.swift in Sources */,
				DA4F81901D7BB97B00CC8B39 /* CController.swift in Sources */,
				DA269CCB1D94A03C004062CA /* VChatDisplayMarksItem.swift in Sources */,
				DA0DEE621D88C0C000B52422 /* VChatDisplay.swift in Sources */,
				DA0DEE7C1D88C16400B52422 /* MChat.swift in Sources */,
				DA4F81A41D7D062500CC8B39 /* CategoryNSManagerdObject.swift in Sources */,
				DA4EB6961D95C5EF00E15758 /* VMainAlert.swift in Sources */,
				DA0DEE861D88C21000B52422 /* CChatDisplayDetail.swift in Sources */,
				DA0DEE7A1D88C16400B52422 /* MChatItemText.swift in Sources */,
				DA9739C31D90C9D700365D84 /* MChatDisplayAnnotations.swift in Sources */,
				DA8B1B941D7E2575004D8457 /* VHomeCell.swift in Sources */,
				DA4A200F1D90705800BCDFCA /* MChatMenuStatusStandbyImage.swift in Sources */,
				DAE27C5A1D8AEB4A00E43F33 /* VChatDisplayOptions.swift in Sources */,
				DA32F8321D88501800108E96 /* MMenuStateOptions.swift in Sources */,
				DA21D1FD1D91C043009A149E /* VChatDisplayAnnotationsEdit.swift in Sources */,
				DA0DEE641D88C0C000B52422 /* VChatInputMenu.swift in Sources */,
				DA4F81AA1D7D062500CC8B39 /* CategoryUIViewController.swift in Sources */,
				DA0DEE7F1D88C16400B52422 /* MChatMenuItemPicture.swift in Sources */,
				DAE27C641D8B118300E43F33 /* MChatDisplayOptions.swift in Sources */,
				DAE27C661D8B119700E43F33 /* MChatDisplayOptionsItem.swift in Sources */,
				DA0DEE7D1D88C16400B52422 /* MChatMenuItem.swift in Sources */,
				DA21D1F71D91903C009A149E /* VChatDisplayAnnotationsTutorial.swift in Sources */,
				DA21D1F91D91A75A009A149E /* VChatDisplayAnnotationsPlacer.swift in Sources */,
				DA8B1B901D7E253A004D8457 /* MHomeItemCreate.swift in Sources */,
				DA0DEE791D88C16400B52422 /* MChatItem.swift in Sources */,
				DA8B1B761D7DF690004D8457 /* MNavRight.swift in Sources */,
				DA21D1F51D918749009A149E /* VChatDisplayAnnotationsShade.swift in Sources */,
				DA0DEE651D88C0C000B52422 /* VChatInputMenuCell.swift in Sources */,
				DA0DEE631D88C0C000B52422 /* VChatInput.swift in Sources */,
				DA8B1B781D7DF69B004D8457 /* MNavPush.swift in Sources */,
				DA4F81A91D7D062500CC8B39 /* CategoryUILocalNotification.swift in Sources */,
				DA0DEE811D88C16400B52422 /* MChatMenu.swift in Sources */,
				DA0DEE831D88C16400B52422 /* MChatMenuStatusStandby.swift in Sources */,
				DA4F81AC1D7DBA5E00CC8B39 /* VMainLoader.swift in Sources */,
				DAE27C601D8AF65500E43F33 /* MChatMenuItemOptions.swift in Sources */,
				DA0DEE7B1D88C16400B52422 /* MChatItemTextMine.swift in Sources */,
				DA0DEE601D88C0C000B52422 /* VChatConversationCellText.swift in Sources */,
				DA32F8341D88502400108E96 /* MMenuStatePushed.swift in Sources */,
				DA9739C01D90C05C00365D84 /* VChatDisplayAnnotationsBar.swift in Sources */,
				DA4F81AF1D7DBB4000CC8B39 /* VBar.swift in Sources */,
				DA4A201A1D90B16200BCDFCA /* VChatDisplayAnnotationsListCell.swift in Sources */,
				DA21D1FB1D91B3E0009A149E /* VChatDisplayAnnotationsPlacerItem.swift in Sources */,
				DA8B1B6B1D7DEAFC004D8457 /* MMenuItemRooms.swift in Sources */,
				DA8B1B671D7DD79C004D8457 /* MMenuItemSettings.swift in Sources */,
				DA8B1B8E1D7E2462004D8457 /* MHomeItem.swift in Sources */,
				DA8B1B8C1D7E244C004D8457 /* MHome.swift in Sources */,
				DA4F81A71D7D062500CC8B39 /* CategoryUIColor.swift in Sources */,
				DA32F8301D884F6D00108E96 /* MMenuState.swift in Sources */,
				DA8B1B721D7DF679004D8457 /* MNav.swift in Sources */,
				DA9846061D89D61B0084A0A6 /* VChatDisplayDetail.swift in Sources */,
				DA0DEE5E1D88C0C000B52422 /* VChatConversation.swift in Sources */,
			);
			runOnlyForDeploymentPostprocessing = 0;
		};
		DAC3CAFB1D7BB5C60090ECCD /* Sources */ = {
			isa = PBXSourcesBuildPhase;
			buildActionMask = 2147483647;
			files = (
				DA4F81931D7BBA6A00CC8B39 /* test.swift in Sources */,
			);
			runOnlyForDeploymentPostprocessing = 0;
		};
/* End PBXSourcesBuildPhase section */

/* Begin PBXTargetDependency section */
		DAC3CB011D7BB5C60090ECCD /* PBXTargetDependency */ = {
			isa = PBXTargetDependency;
			target = DAC3CAE71D7BB5C60090ECCD /* expocity */;
			targetProxy = DAC3CB001D7BB5C60090ECCD /* PBXContainerItemProxy */;
		};
/* End PBXTargetDependency section */

/* Begin PBXVariantGroup section */
		DA8B1B6D1D7DEC45004D8457 /* Localizable.strings */ = {
			isa = PBXVariantGroup;
			children = (
				DA8B1B6E1D7DEC45004D8457 /* en */,
			);
			name = Localizable.strings;
			sourceTree = "<group>";
		};
/* End PBXVariantGroup section */

/* Begin XCBuildConfiguration section */
		DAC3CB061D7BB5C60090ECCD /* Debug */ = {
			isa = XCBuildConfiguration;
			buildSettings = {
				ALWAYS_SEARCH_USER_PATHS = NO;
				CLANG_ANALYZER_NONNULL = YES;
				CLANG_CXX_LANGUAGE_STANDARD = "gnu++0x";
				CLANG_CXX_LIBRARY = "libc++";
				CLANG_ENABLE_MODULES = YES;
				CLANG_ENABLE_OBJC_ARC = YES;
				CLANG_WARN_BOOL_CONVERSION = YES;
				CLANG_WARN_CONSTANT_CONVERSION = YES;
				CLANG_WARN_DIRECT_OBJC_ISA_USAGE = YES_ERROR;
				CLANG_WARN_EMPTY_BODY = YES;
				CLANG_WARN_ENUM_CONVERSION = YES;
				CLANG_WARN_INT_CONVERSION = YES;
				CLANG_WARN_OBJC_ROOT_CLASS = YES_ERROR;
				CLANG_WARN_UNREACHABLE_CODE = YES;
				CLANG_WARN__DUPLICATE_METHOD_MATCH = YES;
				"CODE_SIGN_IDENTITY[sdk=iphoneos*]" = "iPhone Developer";
				COPY_PHASE_STRIP = NO;
				DEBUG_INFORMATION_FORMAT = dwarf;
				ENABLE_STRICT_OBJC_MSGSEND = YES;
				ENABLE_TESTABILITY = YES;
				GCC_C_LANGUAGE_STANDARD = gnu99;
				GCC_DYNAMIC_NO_PIC = NO;
				GCC_NO_COMMON_BLOCKS = YES;
				GCC_OPTIMIZATION_LEVEL = 0;
				GCC_PREPROCESSOR_DEFINITIONS = (
					"DEBUG=1",
					"$(inherited)",
				);
				GCC_WARN_64_TO_32_BIT_CONVERSION = YES;
				GCC_WARN_ABOUT_RETURN_TYPE = YES_ERROR;
				GCC_WARN_UNDECLARED_SELECTOR = YES;
				GCC_WARN_UNINITIALIZED_AUTOS = YES_AGGRESSIVE;
				GCC_WARN_UNUSED_FUNCTION = YES;
				GCC_WARN_UNUSED_VARIABLE = YES;
				IPHONEOS_DEPLOYMENT_TARGET = 9.0;
				MTL_ENABLE_DEBUG_INFO = YES;
				ONLY_ACTIVE_ARCH = YES;
				SDKROOT = iphoneos;
				SWIFT_OPTIMIZATION_LEVEL = "-Onone";
				TARGETED_DEVICE_FAMILY = "1,2";
			};
			name = Debug;
		};
		DAC3CB071D7BB5C60090ECCD /* Release */ = {
			isa = XCBuildConfiguration;
			buildSettings = {
				ALWAYS_SEARCH_USER_PATHS = NO;
				CLANG_ANALYZER_NONNULL = YES;
				CLANG_CXX_LANGUAGE_STANDARD = "gnu++0x";
				CLANG_CXX_LIBRARY = "libc++";
				CLANG_ENABLE_MODULES = YES;
				CLANG_ENABLE_OBJC_ARC = YES;
				CLANG_WARN_BOOL_CONVERSION = YES;
				CLANG_WARN_CONSTANT_CONVERSION = YES;
				CLANG_WARN_DIRECT_OBJC_ISA_USAGE = YES_ERROR;
				CLANG_WARN_EMPTY_BODY = YES;
				CLANG_WARN_ENUM_CONVERSION = YES;
				CLANG_WARN_INT_CONVERSION = YES;
				CLANG_WARN_OBJC_ROOT_CLASS = YES_ERROR;
				CLANG_WARN_UNREACHABLE_CODE = YES;
				CLANG_WARN__DUPLICATE_METHOD_MATCH = YES;
				"CODE_SIGN_IDENTITY[sdk=iphoneos*]" = "iPhone Developer";
				COPY_PHASE_STRIP = NO;
				DEBUG_INFORMATION_FORMAT = "dwarf-with-dsym";
				ENABLE_NS_ASSERTIONS = NO;
				ENABLE_STRICT_OBJC_MSGSEND = YES;
				GCC_C_LANGUAGE_STANDARD = gnu99;
				GCC_NO_COMMON_BLOCKS = YES;
				GCC_WARN_64_TO_32_BIT_CONVERSION = YES;
				GCC_WARN_ABOUT_RETURN_TYPE = YES_ERROR;
				GCC_WARN_UNDECLARED_SELECTOR = YES;
				GCC_WARN_UNINITIALIZED_AUTOS = YES_AGGRESSIVE;
				GCC_WARN_UNUSED_FUNCTION = YES;
				GCC_WARN_UNUSED_VARIABLE = YES;
				IPHONEOS_DEPLOYMENT_TARGET = 9.0;
				MTL_ENABLE_DEBUG_INFO = NO;
				SDKROOT = iphoneos;
				TARGETED_DEVICE_FAMILY = "1,2";
				VALIDATE_PRODUCT = YES;
			};
			name = Release;
		};
		DAC3CB091D7BB5C60090ECCD /* Debug */ = {
			isa = XCBuildConfiguration;
			buildSettings = {
				CODE_SIGN_IDENTITY = "iPhone Developer";
				INFOPLIST_FILE = expocity/Info.plist;
				LD_RUNPATH_SEARCH_PATHS = "$(inherited) @executable_path/Frameworks";
				OTHER_SWIFT_FLAGS = "-D DEBUG";
				PRODUCT_BUNDLE_IDENTIFIER = iturbide.expocity;
				PRODUCT_NAME = "$(TARGET_NAME)";
				PROVISIONING_PROFILE = "ffa8c919-4a34-4832-9caf-c4db3a1a5263";
				TARGETED_DEVICE_FAMILY = "1,2";
			};
			name = Debug;
		};
		DAC3CB0A1D7BB5C60090ECCD /* Release */ = {
			isa = XCBuildConfiguration;
			buildSettings = {
				CODE_SIGN_IDENTITY = "iPhone Distribution";
				INFOPLIST_FILE = expocity/Info.plist;
				LD_RUNPATH_SEARCH_PATHS = "$(inherited) @executable_path/Frameworks";
				PRODUCT_BUNDLE_IDENTIFIER = iturbide.expocity;
				PRODUCT_NAME = "$(TARGET_NAME)";
				PROVISIONING_PROFILE = "32be3aa7-dd86-4a8c-9e18-873dcdaeabb1";
				TARGETED_DEVICE_FAMILY = "1,2";
			};
			name = Release;
		};
		DAC3CB0C1D7BB5C60090ECCD /* Debug */ = {
			isa = XCBuildConfiguration;
			buildSettings = {
				BUNDLE_LOADER = "$(TEST_HOST)";
				INFOPLIST_FILE = expocity/Test/Info.plist;
				LD_RUNPATH_SEARCH_PATHS = "$(inherited) @executable_path/Frameworks @loader_path/Frameworks";
				PRODUCT_BUNDLE_IDENTIFIER = iturbide.expocityTests;
				PRODUCT_NAME = "$(TARGET_NAME)";
				TEST_HOST = "$(BUILT_PRODUCTS_DIR)/expocity.app/expocity";
			};
			name = Debug;
		};
		DAC3CB0D1D7BB5C60090ECCD /* Release */ = {
			isa = XCBuildConfiguration;
			buildSettings = {
				BUNDLE_LOADER = "$(TEST_HOST)";
				INFOPLIST_FILE = expocity/Test/Info.plist;
				LD_RUNPATH_SEARCH_PATHS = "$(inherited) @executable_path/Frameworks @loader_path/Frameworks";
				PRODUCT_BUNDLE_IDENTIFIER = iturbide.expocityTests;
				PRODUCT_NAME = "$(TARGET_NAME)";
				TEST_HOST = "$(BUILT_PRODUCTS_DIR)/expocity.app/expocity";
			};
			name = Release;
		};
/* End XCBuildConfiguration section */

/* Begin XCConfigurationList section */
		DAC3CAE31D7BB5C60090ECCD /* Build configuration list for PBXProject "expocity" */ = {
			isa = XCConfigurationList;
			buildConfigurations = (
				DAC3CB061D7BB5C60090ECCD /* Debug */,
				DAC3CB071D7BB5C60090ECCD /* Release */,
			);
			defaultConfigurationIsVisible = 0;
			defaultConfigurationName = Release;
		};
		DAC3CB081D7BB5C60090ECCD /* Build configuration list for PBXNativeTarget "expocity" */ = {
			isa = XCConfigurationList;
			buildConfigurations = (
				DAC3CB091D7BB5C60090ECCD /* Debug */,
				DAC3CB0A1D7BB5C60090ECCD /* Release */,
			);
			defaultConfigurationIsVisible = 0;
			defaultConfigurationName = Release;
		};
		DAC3CB0B1D7BB5C60090ECCD /* Build configuration list for PBXNativeTarget "tests" */ = {
			isa = XCConfigurationList;
			buildConfigurations = (
				DAC3CB0C1D7BB5C60090ECCD /* Debug */,
				DAC3CB0D1D7BB5C60090ECCD /* Release */,
			);
			defaultConfigurationIsVisible = 0;
			defaultConfigurationName = Release;
		};
/* End XCConfigurationList section */

/* Begin XCVersionGroup section */
		DA4F817A1D7BB7FC00CC8B39 /* expocity.xcdatamodeld */ = {
			isa = XCVersionGroup;
			children = (
				DA4F817B1D7BB7FC00CC8B39 /* expocity.xcdatamodel */,
			);
			currentVersion = DA4F817B1D7BB7FC00CC8B39 /* expocity.xcdatamodel */;
			path = expocity.xcdatamodeld;
			sourceTree = "<group>";
			versionGroupType = wrapper.xcdatamodel;
		};
/* End XCVersionGroup section */
	};
	rootObject = DAC3CAE01D7BB5C60090ECCD /* Project object */;
}
